// !$*UTF8*$!
{
	archiveVersion = 1;
	classes = {
	};
	objectVersion = 50;
	objects = {

/* Begin PBXBuildFile section */
		8203896224BA59960068FEC0 /* DeckView.swift in Sources */ = {isa = PBXBuildFile; fileRef = 8203896124BA59960068FEC0 /* DeckView.swift */; };
		8203896424BA59B70068FEC0 /* FinalStackView.swift in Sources */ = {isa = PBXBuildFile; fileRef = 8203896324BA59B70068FEC0 /* FinalStackView.swift */; };
		824DD98D24B5257500A48AB8 /* EmojiSolitarioGame.swift in Sources */ = {isa = PBXBuildFile; fileRef = 824DD98C24B5257500A48AB8 /* EmojiSolitarioGame.swift */; };
		8263C1A324B4CA1A001EF14F /* AppDelegate.swift in Sources */ = {isa = PBXBuildFile; fileRef = 8263C1A224B4CA1A001EF14F /* AppDelegate.swift */; };
		8263C1A524B4CA1A001EF14F /* SceneDelegate.swift in Sources */ = {isa = PBXBuildFile; fileRef = 8263C1A424B4CA1A001EF14F /* SceneDelegate.swift */; };
		8263C1A724B4CA1A001EF14F /* ContentView.swift in Sources */ = {isa = PBXBuildFile; fileRef = 8263C1A624B4CA1A001EF14F /* ContentView.swift */; };
		8263C1A924B4CA1B001EF14F /* Assets.xcassets in Resources */ = {isa = PBXBuildFile; fileRef = 8263C1A824B4CA1B001EF14F /* Assets.xcassets */; };
		8263C1AC24B4CA1B001EF14F /* Preview Assets.xcassets in Resources */ = {isa = PBXBuildFile; fileRef = 8263C1AB24B4CA1B001EF14F /* Preview Assets.xcassets */; };
		8263C1AF24B4CA1B001EF14F /* LaunchScreen.storyboard in Resources */ = {isa = PBXBuildFile; fileRef = 8263C1AD24B4CA1B001EF14F /* LaunchScreen.storyboard */; };
		8263C1B724B4CB67001EF14F /* Card.swift in Sources */ = {isa = PBXBuildFile; fileRef = 8263C1B624B4CB67001EF14F /* Card.swift */; };
		8263C1BA24B4CEC3001EF14F /* CardView.swift in Sources */ = {isa = PBXBuildFile; fileRef = 8263C1B924B4CEC3001EF14F /* CardView.swift */; };
		8263C1BC24B4D2CD001EF14F /* SolitarioGame.swift in Sources */ = {isa = PBXBuildFile; fileRef = 8263C1BB24B4D2CD001EF14F /* SolitarioGame.swift */; };
		82A09BA324B67FA0002AEDD9 /* StackView.swift in Sources */ = {isa = PBXBuildFile; fileRef = 82A09BA224B67FA0002AEDD9 /* StackView.swift */; };
		82B11EA024B66559005A7432 /* BoardView.swift in Sources */ = {isa = PBXBuildFile; fileRef = 82B11E9F24B66559005A7432 /* BoardView.swift */; };
		82D1072B24C7ABE300739F25 /* Suit.swift in Sources */ = {isa = PBXBuildFile; fileRef = 82D1072A24C7ABE300739F25 /* Suit.swift */; };
/* End PBXBuildFile section */

/* Begin PBXFileReference section */
		8203896124BA59960068FEC0 /* DeckView.swift */ = {isa = PBXFileReference; lastKnownFileType = sourcecode.swift; path = DeckView.swift; sourceTree = "<group>"; };
		8203896324BA59B70068FEC0 /* FinalStackView.swift */ = {isa = PBXFileReference; lastKnownFileType = sourcecode.swift; path = FinalStackView.swift; sourceTree = "<group>"; };
		824DD98C24B5257500A48AB8 /* EmojiSolitarioGame.swift */ = {isa = PBXFileReference; lastKnownFileType = sourcecode.swift; path = EmojiSolitarioGame.swift; sourceTree = "<group>"; };
		8263C19F24B4CA1A001EF14F /* Solitario.app */ = {isa = PBXFileReference; explicitFileType = wrapper.application; includeInIndex = 0; path = Solitario.app; sourceTree = BUILT_PRODUCTS_DIR; };
		8263C1A224B4CA1A001EF14F /* AppDelegate.swift */ = {isa = PBXFileReference; lastKnownFileType = sourcecode.swift; path = AppDelegate.swift; sourceTree = "<group>"; };
		8263C1A424B4CA1A001EF14F /* SceneDelegate.swift */ = {isa = PBXFileReference; lastKnownFileType = sourcecode.swift; path = SceneDelegate.swift; sourceTree = "<group>"; };
		8263C1A624B4CA1A001EF14F /* ContentView.swift */ = {isa = PBXFileReference; lastKnownFileType = sourcecode.swift; path = ContentView.swift; sourceTree = "<group>"; };
		8263C1A824B4CA1B001EF14F /* Assets.xcassets */ = {isa = PBXFileReference; lastKnownFileType = folder.assetcatalog; path = Assets.xcassets; sourceTree = "<group>"; };
		8263C1AB24B4CA1B001EF14F /* Preview Assets.xcassets */ = {isa = PBXFileReference; lastKnownFileType = folder.assetcatalog; path = "Preview Assets.xcassets"; sourceTree = "<group>"; };
		8263C1AE24B4CA1B001EF14F /* Base */ = {isa = PBXFileReference; lastKnownFileType = file.storyboard; name = Base; path = Base.lproj/LaunchScreen.storyboard; sourceTree = "<group>"; };
		8263C1B024B4CA1B001EF14F /* Info.plist */ = {isa = PBXFileReference; lastKnownFileType = text.plist.xml; path = Info.plist; sourceTree = "<group>"; };
		8263C1B624B4CB67001EF14F /* Card.swift */ = {isa = PBXFileReference; lastKnownFileType = sourcecode.swift; path = Card.swift; sourceTree = "<group>"; };
		8263C1B924B4CEC3001EF14F /* CardView.swift */ = {isa = PBXFileReference; lastKnownFileType = sourcecode.swift; path = CardView.swift; sourceTree = "<group>"; };
		8263C1BB24B4D2CD001EF14F /* SolitarioGame.swift */ = {isa = PBXFileReference; lastKnownFileType = sourcecode.swift; path = SolitarioGame.swift; sourceTree = "<group>"; };
		82A09BA224B67FA0002AEDD9 /* StackView.swift */ = {isa = PBXFileReference; lastKnownFileType = sourcecode.swift; path = StackView.swift; sourceTree = "<group>"; };
		82B11E9F24B66559005A7432 /* BoardView.swift */ = {isa = PBXFileReference; lastKnownFileType = sourcecode.swift; path = BoardView.swift; sourceTree = "<group>"; };
		82D1072A24C7ABE300739F25 /* Suit.swift */ = {isa = PBXFileReference; lastKnownFileType = sourcecode.swift; path = Suit.swift; sourceTree = "<group>"; };
/* End PBXFileReference section */

/* Begin PBXFrameworksBuildPhase section */
		8263C19C24B4CA19001EF14F /* Frameworks */ = {
			isa = PBXFrameworksBuildPhase;
			buildActionMask = 2147483647;
			files = (
			);
			runOnlyForDeploymentPostprocessing = 0;
		};
/* End PBXFrameworksBuildPhase section */

/* Begin PBXGroup section */
		821D7F5F24C25D4100D18FA7 /* Game */ = {
			isa = PBXGroup;
			children = (
				8263C1BB24B4D2CD001EF14F /* SolitarioGame.swift */,
				824DD98C24B5257500A48AB8 /* EmojiSolitarioGame.swift */,
			);
			path = Game;
			sourceTree = "<group>";
		};
		8263C19624B4CA19001EF14F = {
			isa = PBXGroup;
			children = (
				8263C1A124B4CA1A001EF14F /* Solitario */,
				8263C1A024B4CA1A001EF14F /* Products */,
			);
			sourceTree = "<group>";
		};
		8263C1A024B4CA1A001EF14F /* Products */ = {
			isa = PBXGroup;
			children = (
				8263C19F24B4CA1A001EF14F /* Solitario.app */,
			);
			name = Products;
			sourceTree = "<group>";
		};
		8263C1A124B4CA1A001EF14F /* Solitario */ = {
			isa = PBXGroup;
			children = (
				82AACC7C24B50C4F00047E4E /* Components */,
				8263C1A224B4CA1A001EF14F /* AppDelegate.swift */,
				8263C1A424B4CA1A001EF14F /* SceneDelegate.swift */,
				8263C1A624B4CA1A001EF14F /* ContentView.swift */,
				82B11EA124B66595005A7432 /* Board */,
				8263C1B824B4CB6C001EF14F /* Card */,
				821D7F5F24C25D4100D18FA7 /* Game */,
				8263C1A824B4CA1B001EF14F /* Assets.xcassets */,
				8263C1AD24B4CA1B001EF14F /* LaunchScreen.storyboard */,
				8263C1B024B4CA1B001EF14F /* Info.plist */,
				8263C1AA24B4CA1B001EF14F /* Preview Content */,
			);
			path = Solitario;
			sourceTree = "<group>";
		};
		8263C1AA24B4CA1B001EF14F /* Preview Content */ = {
			isa = PBXGroup;
			children = (
				8263C1AB24B4CA1B001EF14F /* Preview Assets.xcassets */,
			);
			path = "Preview Content";
			sourceTree = "<group>";
		};
		8263C1B824B4CB6C001EF14F /* Card */ = {
			isa = PBXGroup;
			children = (
				8263C1B624B4CB67001EF14F /* Card.swift */,
				8263C1B924B4CEC3001EF14F /* CardView.swift */,
				82D1072A24C7ABE300739F25 /* Suit.swift */,
			);
			path = Card;
			sourceTree = "<group>";
		};
		82AACC7C24B50C4F00047E4E /* Components */ = {
			isa = PBXGroup;
			children = (
			);
			path = Components;
			sourceTree = "<group>";
		};
		82B11EA124B66595005A7432 /* Board */ = {
			isa = PBXGroup;
			children = (
				82B11E9F24B66559005A7432 /* BoardView.swift */,
				8203896324BA59B70068FEC0 /* FinalStackView.swift */,
				82A09BA224B67FA0002AEDD9 /* StackView.swift */,
				8203896124BA59960068FEC0 /* DeckView.swift */,
			);
			path = Board;
			sourceTree = "<group>";
		};
/* End PBXGroup section */

/* Begin PBXNativeTarget section */
		8263C19E24B4CA19001EF14F /* Solitario */ = {
			isa = PBXNativeTarget;
			buildConfigurationList = 8263C1B324B4CA1B001EF14F /* Build configuration list for PBXNativeTarget "Solitario" */;
			buildPhases = (
				8263C19B24B4CA19001EF14F /* Sources */,
				8263C19C24B4CA19001EF14F /* Frameworks */,
				8263C19D24B4CA19001EF14F /* Resources */,
			);
			buildRules = (
			);
			dependencies = (
			);
			name = Solitario;
			productName = Solitario;
			productReference = 8263C19F24B4CA1A001EF14F /* Solitario.app */;
			productType = "com.apple.product-type.application";
		};
/* End PBXNativeTarget section */

/* Begin PBXProject section */
		8263C19724B4CA19001EF14F /* Project object */ = {
			isa = PBXProject;
			attributes = {
				LastSwiftUpdateCheck = 1150;
				LastUpgradeCheck = 1150;
				ORGANIZATIONNAME = Negro;
				TargetAttributes = {
					8263C19E24B4CA19001EF14F = {
						CreatedOnToolsVersion = 11.5;
					};
				};
			};
			buildConfigurationList = 8263C19A24B4CA19001EF14F /* Build configuration list for PBXProject "Solitario" */;
			compatibilityVersion = "Xcode 9.3";
			developmentRegion = en;
			hasScannedForEncodings = 0;
			knownRegions = (
				en,
				Base,
			);
			mainGroup = 8263C19624B4CA19001EF14F;
			productRefGroup = 8263C1A024B4CA1A001EF14F /* Products */;
			projectDirPath = "";
			projectRoot = "";
			targets = (
				8263C19E24B4CA19001EF14F /* Solitario */,
			);
		};
/* End PBXProject section */

/* Begin PBXResourcesBuildPhase section */
		8263C19D24B4CA19001EF14F /* Resources */ = {
			isa = PBXResourcesBuildPhase;
			buildActionMask = 2147483647;
			files = (
				8263C1AF24B4CA1B001EF14F /* LaunchScreen.storyboard in Resources */,
				8263C1AC24B4CA1B001EF14F /* Preview Assets.xcassets in Resources */,
				8263C1A924B4CA1B001EF14F /* Assets.xcassets in Resources */,
			);
			runOnlyForDeploymentPostprocessing = 0;
		};
/* End PBXResourcesBuildPhase section */

/* Begin PBXSourcesBuildPhase section */
		8263C19B24B4CA19001EF14F /* Sources */ = {
			isa = PBXSourcesBuildPhase;
			buildActionMask = 2147483647;
			files = (
				82B11EA024B66559005A7432 /* BoardView.swift in Sources */,
				824DD98D24B5257500A48AB8 /* EmojiSolitarioGame.swift in Sources */,
				8203896424BA59B70068FEC0 /* FinalStackView.swift in Sources */,
				8263C1A324B4CA1A001EF14F /* AppDelegate.swift in Sources */,
				8263C1A524B4CA1A001EF14F /* SceneDelegate.swift in Sources */,
				8263C1A724B4CA1A001EF14F /* ContentView.swift in Sources */,
				8263C1B724B4CB67001EF14F /* Card.swift in Sources */,
				8263C1BC24B4D2CD001EF14F /* SolitarioGame.swift in Sources */,
				82A09BA324B67FA0002AEDD9 /* StackView.swift in Sources */,
				8263C1BA24B4CEC3001EF14F /* CardView.swift in Sources */,
				82D1072B24C7ABE300739F25 /* Suit.swift in Sources */,
				8203896224BA59960068FEC0 /* DeckView.swift in Sources */,
			);
			runOnlyForDeploymentPostprocessing = 0;
		};
/* End PBXSourcesBuildPhase section */

/* Begin PBXVariantGroup section */
		8263C1AD24B4CA1B001EF14F /* LaunchScreen.storyboard */ = {
			isa = PBXVariantGroup;
			children = (
				8263C1AE24B4CA1B001EF14F /* Base */,
			);
			name = LaunchScreen.storyboard;
			sourceTree = "<group>";
		};
/* End PBXVariantGroup section */

/* Begin XCBuildConfiguration section */
		8263C1B124B4CA1B001EF14F /* Debug */ = {
			isa = XCBuildConfiguration;
			buildSettings = {
				ALWAYS_SEARCH_USER_PATHS = NO;
				CLANG_ANALYZER_NONNULL = YES;
				CLANG_ANALYZER_NUMBER_OBJECT_CONVERSION = YES_AGGRESSIVE;
				CLANG_CXX_LANGUAGE_STANDARD = "gnu++14";
				CLANG_CXX_LIBRARY = "libc++";
				CLANG_ENABLE_MODULES = YES;
				CLANG_ENABLE_OBJC_ARC = YES;
				CLANG_ENABLE_OBJC_WEAK = YES;
				CLANG_WARN_BLOCK_CAPTURE_AUTORELEASING = YES;
				CLANG_WARN_BOOL_CONVERSION = YES;
				CLANG_WARN_COMMA = YES;
				CLANG_WARN_CONSTANT_CONVERSION = YES;
				CLANG_WARN_DEPRECATED_OBJC_IMPLEMENTATIONS = YES;
				CLANG_WARN_DIRECT_OBJC_ISA_USAGE = YES_ERROR;
				CLANG_WARN_DOCUMENTATION_COMMENTS = YES;
				CLANG_WARN_EMPTY_BODY = YES;
				CLANG_WARN_ENUM_CONVERSION = YES;
				CLANG_WARN_INFINITE_RECURSION = YES;
				CLANG_WARN_INT_CONVERSION = YES;
				CLANG_WARN_NON_LITERAL_NULL_CONVERSION = YES;
				CLANG_WARN_OBJC_IMPLICIT_RETAIN_SELF = YES;
				CLANG_WARN_OBJC_LITERAL_CONVERSION = YES;
				CLANG_WARN_OBJC_ROOT_CLASS = YES_ERROR;
				CLANG_WARN_RANGE_LOOP_ANALYSIS = YES;
				CLANG_WARN_STRICT_PROTOTYPES = YES;
				CLANG_WARN_SUSPICIOUS_MOVE = YES;
				CLANG_WARN_UNGUARDED_AVAILABILITY = YES_AGGRESSIVE;
				CLANG_WARN_UNREACHABLE_CODE = YES;
				CLANG_WARN__DUPLICATE_METHOD_MATCH = YES;
				COPY_PHASE_STRIP = NO;
				DEBUG_INFORMATION_FORMAT = dwarf;
				ENABLE_STRICT_OBJC_MSGSEND = YES;
				ENABLE_TESTABILITY = YES;
				GCC_C_LANGUAGE_STANDARD = gnu11;
				GCC_DYNAMIC_NO_PIC = NO;
				GCC_NO_COMMON_BLOCKS = YES;
				GCC_OPTIMIZATION_LEVEL = 0;
				GCC_PREPROCESSOR_DEFINITIONS = (
					"DEBUG=1",
					"$(inherited)",
				);
				GCC_WARN_64_TO_32_BIT_CONVERSION = YES;
				GCC_WARN_ABOUT_RETURN_TYPE = YES_ERROR;
				GCC_WARN_UNDECLARED_SELECTOR = YES;
				GCC_WARN_UNINITIALIZED_AUTOS = YES_AGGRESSIVE;
				GCC_WARN_UNUSED_FUNCTION = YES;
				GCC_WARN_UNUSED_VARIABLE = YES;
				IPHONEOS_DEPLOYMENT_TARGET = 13.5;
				MTL_ENABLE_DEBUG_INFO = INCLUDE_SOURCE;
				MTL_FAST_MATH = YES;
				ONLY_ACTIVE_ARCH = YES;
				SDKROOT = iphoneos;
				SWIFT_ACTIVE_COMPILATION_CONDITIONS = DEBUG;
				SWIFT_OPTIMIZATION_LEVEL = "-Onone";
			};
			name = Debug;
		};
		8263C1B224B4CA1B001EF14F /* Release */ = {
			isa = XCBuildConfiguration;
			buildSettings = {
				ALWAYS_SEARCH_USER_PATHS = NO;
				CLANG_ANALYZER_NONNULL = YES;
				CLANG_ANALYZER_NUMBER_OBJECT_CONVERSION = YES_AGGRESSIVE;
				CLANG_CXX_LANGUAGE_STANDARD = "gnu++14";
				CLANG_CXX_LIBRARY = "libc++";
				CLANG_ENABLE_MODULES = YES;
				CLANG_ENABLE_OBJC_ARC = YES;
				CLANG_ENABLE_OBJC_WEAK = YES;
				CLANG_WARN_BLOCK_CAPTURE_AUTORELEASING = YES;
				CLANG_WARN_BOOL_CONVERSION = YES;
				CLANG_WARN_COMMA = YES;
				CLANG_WARN_CONSTANT_CONVERSION = YES;
				CLANG_WARN_DEPRECATED_OBJC_IMPLEMENTATIONS = YES;
				CLANG_WARN_DIRECT_OBJC_ISA_USAGE = YES_ERROR;
				CLANG_WARN_DOCUMENTATION_COMMENTS = YES;
				CLANG_WARN_EMPTY_BODY = YES;
				CLANG_WARN_ENUM_CONVERSION = YES;
				CLANG_WARN_INFINITE_RECURSION = YES;
				CLANG_WARN_INT_CONVERSION = YES;
				CLANG_WARN_NON_LITERAL_NULL_CONVERSION = YES;
				CLANG_WARN_OBJC_IMPLICIT_RETAIN_SELF = YES;
				CLANG_WARN_OBJC_LITERAL_CONVERSION = YES;
				CLANG_WARN_OBJC_ROOT_CLASS = YES_ERROR;
				CLANG_WARN_RANGE_LOOP_ANALYSIS = YES;
				CLANG_WARN_STRICT_PROTOTYPES = YES;
				CLANG_WARN_SUSPICIOUS_MOVE = YES;
				CLANG_WARN_UNGUARDED_AVAILABILITY = YES_AGGRESSIVE;
				CLANG_WARN_UNREACHABLE_CODE = YES;
				CLANG_WARN__DUPLICATE_METHOD_MATCH = YES;
				COPY_PHASE_STRIP = NO;
				DEBUG_INFORMATION_FORMAT = "dwarf-with-dsym";
				ENABLE_NS_ASSERTIONS = NO;
				ENABLE_STRICT_OBJC_MSGSEND = YES;
				GCC_C_LANGUAGE_STANDARD = gnu11;
				GCC_NO_COMMON_BLOCKS = YES;
				GCC_WARN_64_TO_32_BIT_CONVERSION = YES;
				GCC_WARN_ABOUT_RETURN_TYPE = YES_ERROR;
				GCC_WARN_UNDECLARED_SELECTOR = YES;
				GCC_WARN_UNINITIALIZED_AUTOS = YES_AGGRESSIVE;
				GCC_WARN_UNUSED_FUNCTION = YES;
				GCC_WARN_UNUSED_VARIABLE = YES;
				IPHONEOS_DEPLOYMENT_TARGET = 13.5;
				MTL_ENABLE_DEBUG_INFO = NO;
				MTL_FAST_MATH = YES;
				SDKROOT = iphoneos;
				SWIFT_COMPILATION_MODE = wholemodule;
				SWIFT_OPTIMIZATION_LEVEL = "-O";
				VALIDATE_PRODUCT = YES;
			};
			name = Release;
		};
		8263C1B424B4CA1B001EF14F /* Debug */ = {
			isa = XCBuildConfiguration;
			buildSettings = {
				ASSETCATALOG_COMPILER_APPICON_NAME = AppIcon;
				CODE_SIGN_STYLE = Automatic;
				DEVELOPMENT_ASSET_PATHS = "\"Solitario/Preview Content\"";
				DEVELOPMENT_TEAM = 9TP4HMDZ7W;
				ENABLE_PREVIEWS = YES;
				INFOPLIST_FILE = Solitario/Info.plist;
				LD_RUNPATH_SEARCH_PATHS = (
					"$(inherited)",
					"@executable_path/Frameworks",
				);
				PRODUCT_BUNDLE_IDENTIFIER = "-061812909.Solitario";
				PRODUCT_NAME = "$(TARGET_NAME)";
				SWIFT_VERSION = 5.0;
				TARGETED_DEVICE_FAMILY = "1,2";
			};
			name = Debug;
		};
		8263C1B524B4CA1B001EF14F /* Release */ = {
			isa = XCBuildConfiguration;
			buildSettings = {
				ASSETCATALOG_COMPILER_APPICON_NAME = AppIcon;
				CODE_SIGN_STYLE = Automatic;
				DEVELOPMENT_ASSET_PATHS = "\"Solitario/Preview Content\"";
				DEVELOPMENT_TEAM = 9TP4HMDZ7W;
				ENABLE_PREVIEWS = YES;
				INFOPLIST_FILE = Solitario/Info.plist;
				LD_RUNPATH_SEARCH_PATHS = (
					"$(inherited)",
					"@executable_path/Frameworks",
				);
				PRODUCT_BUNDLE_IDENTIFIER = "-061812909.Solitario";
				PRODUCT_NAME = "$(TARGET_NAME)";
				SWIFT_VERSION = 5.0;
				TARGETED_DEVICE_FAMILY = "1,2";
			};
			name = Release;
		};
/* End XCBuildConfiguration section */

/* Begin XCConfigurationList section */
		8263C19A24B4CA19001EF14F /* Build configuration list for PBXProject "Solitario" */ = {
			isa = XCConfigurationList;
			buildConfigurations = (
				8263C1B124B4CA1B001EF14F /* Debug */,
				8263C1B224B4CA1B001EF14F /* Release */,
			);
			defaultConfigurationIsVisible = 0;
			defaultConfigurationName = Release;
		};
		8263C1B324B4CA1B001EF14F /* Build configuration list for PBXNativeTarget "Solitario" */ = {
			isa = XCConfigurationList;
			buildConfigurations = (
				8263C1B424B4CA1B001EF14F /* Debug */,
				8263C1B524B4CA1B001EF14F /* Release */,
			);
			defaultConfigurationIsVisible = 0;
			defaultConfigurationName = Release;
		};
/* End XCConfigurationList section */
	};
	rootObject = 8263C19724B4CA19001EF14F /* Project object */;
}
